
Microsoft Visual Studio Solution File, Format Version 12.00
# Visual Studio Version 16
VisualStudioVersion = 16.0.33801.447
MinimumVisualStudioVersion = 10.0.40219.1
Project("{FAE04EC0-301F-11D3-BF4B-00C04F79EFBC}") = "Presentacion", "Presentacion\Presentacion.csproj", "{4D490BAB-6AFA-40AD-9FA9-2E39F2040F8E}"
EndProject
Project("{FAE04EC0-301F-11D3-BF4B-00C04F79EFBC}") = "LogicDeNegocio", "LogicDeNegocio\LogicDeNegocio.csproj", "{ECDF0CD8-77E4-417E-8AE8-FDC3FD9E55A1}"
EndProject
Project("{FAE04EC0-301F-11D3-BF4B-00C04F79EFBC}") = "Datos", "Datos\Datos.csproj", "{D21E35F3-BDEA-42BF-9363-DB5D7E16C94A}"
EndProject
Global
	GlobalSection(SolutionConfigurationPlatforms) = preSolution
		Debug|Any CPU = Debug|Any CPU
		Release|Any CPU = Release|Any CPU
	EndGlobalSection
	GlobalSection(ProjectConfigurationPlatforms) = postSolution
		{4D490BAB-6AFA-40AD-9FA9-2E39F2040F8E}.Debug|Any CPU.ActiveCfg = Debug|Any CPU
		{4D490BAB-6AFA-40AD-9FA9-2E39F2040F8E}.Debug|Any CPU.Build.0 = Debug|Any CPU
		{4D490BAB-6AFA-40AD-9FA9-2E39F2040F8E}.Release|Any CPU.ActiveCfg = Release|Any CPU
		{4D490BAB-6AFA-40AD-9FA9-2E39F2040F8E}.Release|Any CPU.Build.0 = Release|Any CPU
		{ECDF0CD8-77E4-417E-8AE8-FDC3FD9E55A1}.Debug|Any CPU.ActiveCfg = Debug|Any CPU
		{ECDF0CD8-77E4-417E-8AE8-FDC3FD9E55A1}.Debug|Any CPU.Build.0 = Debug|Any CPU
		{ECDF0CD8-77E4-417E-8AE8-FDC3FD9E55A1}.Release|Any CPU.ActiveCfg = Release|Any CPU
		{ECDF0CD8-77E4-417E-8AE8-FDC3FD9E55A1}.Release|Any CPU.Build.0 = Release|Any CPU
		{D21E35F3-BDEA-42BF-9363-DB5D7E16C94A}.Debug|Any CPU.ActiveCfg = Debug|Any CPU
		{D21E35F3-BDEA-42BF-9363-DB5D7E16C94A}.Debug|Any CPU.Build.0 = Debug|Any CPU
		{D21E35F3-BDEA-42BF-9363-DB5D7E16C94A}.Release|Any CPU.ActiveCfg = Release|Any CPU
		{D21E35F3-BDEA-42BF-9363-DB5D7E16C94A}.Release|Any CPU.Build.0 = Release|Any CPU
	EndGlobalSection
	GlobalSection(SolutionProperties) = preSolution
		HideSolutionNode = FALSE
	EndGlobalSection
	GlobalSection(ExtensibilityGlobals) = postSolution
		SolutionGuid = {464D7CE9-9937-4700-8208-3D0EE4EAFD42}
	EndGlobalSection
EndGlobal
